
Microsoft Visual Studio Solution File, Format Version 12.00
# Visual Studio Version 16
VisualStudioVersion = 16.0.29411.108
MinimumVisualStudioVersion = 10.0.40219.1
Project("{9A19103F-16F7-4668-BE54-9A1E7A4F7556}") = "L1.1", "L1.1\L1.1.csproj", "{803ACBE2-77DC-44D5-8B75-6FD07ECD93EC}"
EndProject
Project("{9A19103F-16F7-4668-BE54-9A1E7A4F7556}") = "L1.2", "L1.2\L1.2.csproj", "{DE6BC652-D393-4ADB-A439-0DC368084DFC}"
EndProject
Project("{9A19103F-16F7-4668-BE54-9A1E7A4F7556}") = "L1.3", "L1.3\L1.3.csproj", "{0B6FD25A-2329-4429-9EE5-38EE02F69CFC}"
EndProject
Project("{9A19103F-16F7-4668-BE54-9A1E7A4F7556}") = "L1.4", "L1.4\L1.4.csproj", "{1839B6B9-E9C9-4F17-B304-57DB026505A2}"
EndProject
Project("{FAE04EC0-301F-11D3-BF4B-00C04F79EFBC}") = "ConsoleApp1", "ConsoleApp1\ConsoleApp1.csproj", "{02B40B77-CC5F-46A2-96D6-CAAB3796218A}"
EndProject
Global
	GlobalSection(SolutionConfigurationPlatforms) = preSolution
		Debug|Any CPU = Debug|Any CPU
		Release|Any CPU = Release|Any CPU
	EndGlobalSection
	GlobalSection(ProjectConfigurationPlatforms) = postSolution
		{803ACBE2-77DC-44D5-8B75-6FD07ECD93EC}.Debug|Any CPU.ActiveCfg = Debug|Any CPU
		{803ACBE2-77DC-44D5-8B75-6FD07ECD93EC}.Debug|Any CPU.Build.0 = Debug|Any CPU
		{803ACBE2-77DC-44D5-8B75-6FD07ECD93EC}.Release|Any CPU.ActiveCfg = Release|Any CPU
		{803ACBE2-77DC-44D5-8B75-6FD07ECD93EC}.Release|Any CPU.Build.0 = Release|Any CPU
		{DE6BC652-D393-4ADB-A439-0DC368084DFC}.Debug|Any CPU.ActiveCfg = Debug|Any CPU
		{DE6BC652-D393-4ADB-A439-0DC368084DFC}.Debug|Any CPU.Build.0 = Debug|Any CPU
		{DE6BC652-D393-4ADB-A439-0DC368084DFC}.Release|Any CPU.ActiveCfg = Release|Any CPU
		{DE6BC652-D393-4ADB-A439-0DC368084DFC}.Release|Any CPU.Build.0 = Release|Any CPU
		{0B6FD25A-2329-4429-9EE5-38EE02F69CFC}.Debug|Any CPU.ActiveCfg = Debug|Any CPU
		{0B6FD25A-2329-4429-9EE5-38EE02F69CFC}.Debug|Any CPU.Build.0 = Debug|Any CPU
		{0B6FD25A-2329-4429-9EE5-38EE02F69CFC}.Release|Any CPU.ActiveCfg = Release|Any CPU
		{0B6FD25A-2329-4429-9EE5-38EE02F69CFC}.Release|Any CPU.Build.0 = Release|Any CPU
		{1839B6B9-E9C9-4F17-B304-57DB026505A2}.Debug|Any CPU.ActiveCfg = Debug|Any CPU
		{1839B6B9-E9C9-4F17-B304-57DB026505A2}.Debug|Any CPU.Build.0 = Debug|Any CPU
		{1839B6B9-E9C9-4F17-B304-57DB026505A2}.Release|Any CPU.ActiveCfg = Release|Any CPU
		{1839B6B9-E9C9-4F17-B304-57DB026505A2}.Release|Any CPU.Build.0 = Release|Any CPU
		{02B40B77-CC5F-46A2-96D6-CAAB3796218A}.Debug|Any CPU.ActiveCfg = Debug|Any CPU
		{02B40B77-CC5F-46A2-96D6-CAAB3796218A}.Debug|Any CPU.Build.0 = Debug|Any CPU
		{02B40B77-CC5F-46A2-96D6-CAAB3796218A}.Release|Any CPU.ActiveCfg = Release|Any CPU
		{02B40B77-CC5F-46A2-96D6-CAAB3796218A}.Release|Any CPU.Build.0 = Release|Any CPU
	EndGlobalSection
	GlobalSection(SolutionProperties) = preSolution
		HideSolutionNode = FALSE
	EndGlobalSection
	GlobalSection(ExtensibilityGlobals) = postSolution
		SolutionGuid = {2CC54791-8DD6-4E9C-AB2B-ECEB4A3702A2}
	EndGlobalSection
EndGlobal
