
Microsoft Visual Studio Solution File, Format Version 12.00
# Visual Studio Version 16
VisualStudioVersion = 16.0.29728.190
MinimumVisualStudioVersion = 10.0.40219.1
Project("{FAE04EC0-301F-11D3-BF4B-00C04F79EFBC}") = "Task_1", "Task_1\Task_1.csproj", "{D4DC0FEB-6260-436F-8AD4-60318B2FDC19}"
EndProject
Project("{FAE04EC0-301F-11D3-BF4B-00C04F79EFBC}") = "Task_2", "Task_2\Task_2.csproj", "{3636E1F9-2E99-42FB-B04C-B0D68891F9B8}"
EndProject
Project("{FAE04EC0-301F-11D3-BF4B-00C04F79EFBC}") = "Task_3", "Task_3\Task_3.csproj", "{F3669685-9D0A-4A21-A377-FFE4E66476E2}"
EndProject
Global
	GlobalSection(SolutionConfigurationPlatforms) = preSolution
		Debug|Any CPU = Debug|Any CPU
		Release|Any CPU = Release|Any CPU
	EndGlobalSection
	GlobalSection(ProjectConfigurationPlatforms) = postSolution
		{D4DC0FEB-6260-436F-8AD4-60318B2FDC19}.Debug|Any CPU.ActiveCfg = Debug|Any CPU
		{D4DC0FEB-6260-436F-8AD4-60318B2FDC19}.Debug|Any CPU.Build.0 = Debug|Any CPU
		{D4DC0FEB-6260-436F-8AD4-60318B2FDC19}.Release|Any CPU.ActiveCfg = Release|Any CPU
		{D4DC0FEB-6260-436F-8AD4-60318B2FDC19}.Release|Any CPU.Build.0 = Release|Any CPU
		{3636E1F9-2E99-42FB-B04C-B0D68891F9B8}.Debug|Any CPU.ActiveCfg = Debug|Any CPU
		{3636E1F9-2E99-42FB-B04C-B0D68891F9B8}.Debug|Any CPU.Build.0 = Debug|Any CPU
		{3636E1F9-2E99-42FB-B04C-B0D68891F9B8}.Release|Any CPU.ActiveCfg = Release|Any CPU
		{3636E1F9-2E99-42FB-B04C-B0D68891F9B8}.Release|Any CPU.Build.0 = Release|Any CPU
		{F3669685-9D0A-4A21-A377-FFE4E66476E2}.Debug|Any CPU.ActiveCfg = Debug|Any CPU
		{F3669685-9D0A-4A21-A377-FFE4E66476E2}.Debug|Any CPU.Build.0 = Debug|Any CPU
		{F3669685-9D0A-4A21-A377-FFE4E66476E2}.Release|Any CPU.ActiveCfg = Release|Any CPU
		{F3669685-9D0A-4A21-A377-FFE4E66476E2}.Release|Any CPU.Build.0 = Release|Any CPU
	EndGlobalSection
	GlobalSection(SolutionProperties) = preSolution
		HideSolutionNode = FALSE
	EndGlobalSection
	GlobalSection(ExtensibilityGlobals) = postSolution
		SolutionGuid = {651A4392-CAB4-4CFD-9337-63683456F9E1}
	EndGlobalSection
EndGlobal
