
Microsoft Visual Studio Solution File, Format Version 12.00
# Visual Studio Version 16
VisualStudioVersion = 16.0.29411.108
MinimumVisualStudioVersion = 10.0.40219.1
Project("{FAE04EC0-301F-11D3-BF4B-00C04F79EFBC}") = "L5_Task_1", "L5_Task_1\L5_Task_1.csproj", "{A35A704B-5565-42D6-A481-514A296EA3E5}"
EndProject
Project("{FAE04EC0-301F-11D3-BF4B-00C04F79EFBC}") = "L5_Task_2", "L5_Task_2\L5_Task_2.csproj", "{5B6FD23C-10BC-455E-A379-6F6838971E01}"
EndProject
Project("{FAE04EC0-301F-11D3-BF4B-00C04F79EFBC}") = "L5_Task_3", "L5_Task_3\L5_Task_3.csproj", "{3CE92EF2-A42C-4BF6-9268-0FB34EEDA97E}"
EndProject
Project("{FAE04EC0-301F-11D3-BF4B-00C04F79EFBC}") = "L5_Task_4", "L5_Task_4\L5_Task_4.csproj", "{9D88552F-B92F-43CA-9202-34432D35930A}"
EndProject
Project("{FAE04EC0-301F-11D3-BF4B-00C04F79EFBC}") = "L5_Task_5", "L5_Task_5\L5_Task_5.csproj", "{95B32895-E8A3-4269-A40D-810E2A47E4FC}"
EndProject
Project("{FAE04EC0-301F-11D3-BF4B-00C04F79EFBC}") = "L5_Task_6", "L5_Task_6\L5_Task_6.csproj", "{F5771D29-0C95-4E83-8B96-5455EBA74043}"
EndProject
Global
	GlobalSection(SolutionConfigurationPlatforms) = preSolution
		Debug|Any CPU = Debug|Any CPU
		Release|Any CPU = Release|Any CPU
	EndGlobalSection
	GlobalSection(ProjectConfigurationPlatforms) = postSolution
		{A35A704B-5565-42D6-A481-514A296EA3E5}.Debug|Any CPU.ActiveCfg = Debug|Any CPU
		{A35A704B-5565-42D6-A481-514A296EA3E5}.Debug|Any CPU.Build.0 = Debug|Any CPU
		{A35A704B-5565-42D6-A481-514A296EA3E5}.Release|Any CPU.ActiveCfg = Release|Any CPU
		{A35A704B-5565-42D6-A481-514A296EA3E5}.Release|Any CPU.Build.0 = Release|Any CPU
		{5B6FD23C-10BC-455E-A379-6F6838971E01}.Debug|Any CPU.ActiveCfg = Debug|Any CPU
		{5B6FD23C-10BC-455E-A379-6F6838971E01}.Debug|Any CPU.Build.0 = Debug|Any CPU
		{5B6FD23C-10BC-455E-A379-6F6838971E01}.Release|Any CPU.ActiveCfg = Release|Any CPU
		{5B6FD23C-10BC-455E-A379-6F6838971E01}.Release|Any CPU.Build.0 = Release|Any CPU
		{3CE92EF2-A42C-4BF6-9268-0FB34EEDA97E}.Debug|Any CPU.ActiveCfg = Debug|Any CPU
		{3CE92EF2-A42C-4BF6-9268-0FB34EEDA97E}.Debug|Any CPU.Build.0 = Debug|Any CPU
		{3CE92EF2-A42C-4BF6-9268-0FB34EEDA97E}.Release|Any CPU.ActiveCfg = Release|Any CPU
		{3CE92EF2-A42C-4BF6-9268-0FB34EEDA97E}.Release|Any CPU.Build.0 = Release|Any CPU
		{9D88552F-B92F-43CA-9202-34432D35930A}.Debug|Any CPU.ActiveCfg = Debug|Any CPU
		{9D88552F-B92F-43CA-9202-34432D35930A}.Debug|Any CPU.Build.0 = Debug|Any CPU
		{9D88552F-B92F-43CA-9202-34432D35930A}.Release|Any CPU.ActiveCfg = Release|Any CPU
		{9D88552F-B92F-43CA-9202-34432D35930A}.Release|Any CPU.Build.0 = Release|Any CPU
		{95B32895-E8A3-4269-A40D-810E2A47E4FC}.Debug|Any CPU.ActiveCfg = Debug|Any CPU
		{95B32895-E8A3-4269-A40D-810E2A47E4FC}.Debug|Any CPU.Build.0 = Debug|Any CPU
		{95B32895-E8A3-4269-A40D-810E2A47E4FC}.Release|Any CPU.ActiveCfg = Release|Any CPU
		{95B32895-E8A3-4269-A40D-810E2A47E4FC}.Release|Any CPU.Build.0 = Release|Any CPU
		{F5771D29-0C95-4E83-8B96-5455EBA74043}.Debug|Any CPU.ActiveCfg = Debug|Any CPU
		{F5771D29-0C95-4E83-8B96-5455EBA74043}.Debug|Any CPU.Build.0 = Debug|Any CPU
		{F5771D29-0C95-4E83-8B96-5455EBA74043}.Release|Any CPU.ActiveCfg = Release|Any CPU
		{F5771D29-0C95-4E83-8B96-5455EBA74043}.Release|Any CPU.Build.0 = Release|Any CPU
	EndGlobalSection
	GlobalSection(SolutionProperties) = preSolution
		HideSolutionNode = FALSE
	EndGlobalSection
	GlobalSection(ExtensibilityGlobals) = postSolution
		SolutionGuid = {D4EDC7B0-10E8-4744-9A39-8D0A3D6991BD}
	EndGlobalSection
EndGlobal
