
Microsoft Visual Studio Solution File, Format Version 12.00
# Visual Studio Version 16
VisualStudioVersion = 16.0.29728.190
MinimumVisualStudioVersion = 10.0.40219.1
Project("{FAE04EC0-301F-11D3-BF4B-00C04F79EFBC}") = "Task_1", "Task_1\Task_1.csproj", "{62918274-1E61-43BB-8870-57E7B44B064D}"
EndProject
Project("{FAE04EC0-301F-11D3-BF4B-00C04F79EFBC}") = "Task_2", "Task_2\Task_2.csproj", "{BEA63058-01C6-4F13-94CE-0A5A1D215835}"
EndProject
Global
	GlobalSection(SolutionConfigurationPlatforms) = preSolution
		Debug|Any CPU = Debug|Any CPU
		Release|Any CPU = Release|Any CPU
	EndGlobalSection
	GlobalSection(ProjectConfigurationPlatforms) = postSolution
		{62918274-1E61-43BB-8870-57E7B44B064D}.Debug|Any CPU.ActiveCfg = Debug|Any CPU
		{62918274-1E61-43BB-8870-57E7B44B064D}.Debug|Any CPU.Build.0 = Debug|Any CPU
		{62918274-1E61-43BB-8870-57E7B44B064D}.Release|Any CPU.ActiveCfg = Release|Any CPU
		{62918274-1E61-43BB-8870-57E7B44B064D}.Release|Any CPU.Build.0 = Release|Any CPU
		{BEA63058-01C6-4F13-94CE-0A5A1D215835}.Debug|Any CPU.ActiveCfg = Debug|Any CPU
		{BEA63058-01C6-4F13-94CE-0A5A1D215835}.Debug|Any CPU.Build.0 = Debug|Any CPU
		{BEA63058-01C6-4F13-94CE-0A5A1D215835}.Release|Any CPU.ActiveCfg = Release|Any CPU
		{BEA63058-01C6-4F13-94CE-0A5A1D215835}.Release|Any CPU.Build.0 = Release|Any CPU
	EndGlobalSection
	GlobalSection(SolutionProperties) = preSolution
		HideSolutionNode = FALSE
	EndGlobalSection
	GlobalSection(ExtensibilityGlobals) = postSolution
		SolutionGuid = {711AEA5D-3CD3-4574-92D3-BD55B9233F94}
	EndGlobalSection
EndGlobal
