
Microsoft Visual Studio Solution File, Format Version 12.00
# Visual Studio Version 16
VisualStudioVersion = 16.0.29728.190
MinimumVisualStudioVersion = 10.0.40219.1
Project("{FAE04EC0-301F-11D3-BF4B-00C04F79EFBC}") = "L13_Task_1", "L13_Task_1\L13_Task_1.csproj", "{A3779D26-9082-4144-A329-F404BFAB8FEC}"
EndProject
Project("{FAE04EC0-301F-11D3-BF4B-00C04F79EFBC}") = "L13_Task_2_MatrixRainingCode", "L13_Task_2_MatrixRainingCode\L13_Task_2_MatrixRainingCode.csproj", "{CB2741AA-2BE4-4EC6-8D2A-5FC0B7BBB015}"
EndProject
Global
	GlobalSection(SolutionConfigurationPlatforms) = preSolution
		Debug|Any CPU = Debug|Any CPU
		Release|Any CPU = Release|Any CPU
	EndGlobalSection
	GlobalSection(ProjectConfigurationPlatforms) = postSolution
		{A3779D26-9082-4144-A329-F404BFAB8FEC}.Debug|Any CPU.ActiveCfg = Debug|Any CPU
		{A3779D26-9082-4144-A329-F404BFAB8FEC}.Debug|Any CPU.Build.0 = Debug|Any CPU
		{A3779D26-9082-4144-A329-F404BFAB8FEC}.Release|Any CPU.ActiveCfg = Release|Any CPU
		{A3779D26-9082-4144-A329-F404BFAB8FEC}.Release|Any CPU.Build.0 = Release|Any CPU
		{CB2741AA-2BE4-4EC6-8D2A-5FC0B7BBB015}.Debug|Any CPU.ActiveCfg = Debug|Any CPU
		{CB2741AA-2BE4-4EC6-8D2A-5FC0B7BBB015}.Debug|Any CPU.Build.0 = Debug|Any CPU
		{CB2741AA-2BE4-4EC6-8D2A-5FC0B7BBB015}.Release|Any CPU.ActiveCfg = Release|Any CPU
		{CB2741AA-2BE4-4EC6-8D2A-5FC0B7BBB015}.Release|Any CPU.Build.0 = Release|Any CPU
	EndGlobalSection
	GlobalSection(SolutionProperties) = preSolution
		HideSolutionNode = FALSE
	EndGlobalSection
	GlobalSection(ExtensibilityGlobals) = postSolution
		SolutionGuid = {2573C1B3-92C3-4FD9-BF1E-25F73658D6EC}
	EndGlobalSection
EndGlobal
