
Microsoft Visual Studio Solution File, Format Version 12.00
# Visual Studio Version 16
VisualStudioVersion = 16.0.29728.190
MinimumVisualStudioVersion = 10.0.40219.1
Project("{FAE04EC0-301F-11D3-BF4B-00C04F79EFBC}") = "L8_Task_1", "L8_Task_1\L8_Task_1.csproj", "{C9884704-0ACF-42F3-A0C4-23D89467E63F}"
EndProject
Project("{FAE04EC0-301F-11D3-BF4B-00C04F79EFBC}") = "Task_2", "Task_2\Task_2.csproj", "{05436AAD-92B9-4689-BBD4-030405F1782D}"
EndProject
Project("{FAE04EC0-301F-11D3-BF4B-00C04F79EFBC}") = "Task_3", "Task_3\Task_3.csproj", "{3E6A8E06-DD98-4795-94CB-F22FEFD20FF0}"
EndProject
Project("{FAE04EC0-301F-11D3-BF4B-00C04F79EFBC}") = "Task_4", "Task_4\Task_4.csproj", "{3C1EDE97-B2C2-4E78-ABC7-75B3707F31BF}"
EndProject
Global
	GlobalSection(SolutionConfigurationPlatforms) = preSolution
		Debug|Any CPU = Debug|Any CPU
		Release|Any CPU = Release|Any CPU
	EndGlobalSection
	GlobalSection(ProjectConfigurationPlatforms) = postSolution
		{C9884704-0ACF-42F3-A0C4-23D89467E63F}.Debug|Any CPU.ActiveCfg = Debug|Any CPU
		{C9884704-0ACF-42F3-A0C4-23D89467E63F}.Debug|Any CPU.Build.0 = Debug|Any CPU
		{C9884704-0ACF-42F3-A0C4-23D89467E63F}.Release|Any CPU.ActiveCfg = Release|Any CPU
		{C9884704-0ACF-42F3-A0C4-23D89467E63F}.Release|Any CPU.Build.0 = Release|Any CPU
		{05436AAD-92B9-4689-BBD4-030405F1782D}.Debug|Any CPU.ActiveCfg = Debug|Any CPU
		{05436AAD-92B9-4689-BBD4-030405F1782D}.Debug|Any CPU.Build.0 = Debug|Any CPU
		{05436AAD-92B9-4689-BBD4-030405F1782D}.Release|Any CPU.ActiveCfg = Release|Any CPU
		{05436AAD-92B9-4689-BBD4-030405F1782D}.Release|Any CPU.Build.0 = Release|Any CPU
		{3E6A8E06-DD98-4795-94CB-F22FEFD20FF0}.Debug|Any CPU.ActiveCfg = Debug|Any CPU
		{3E6A8E06-DD98-4795-94CB-F22FEFD20FF0}.Debug|Any CPU.Build.0 = Debug|Any CPU
		{3E6A8E06-DD98-4795-94CB-F22FEFD20FF0}.Release|Any CPU.ActiveCfg = Release|Any CPU
		{3E6A8E06-DD98-4795-94CB-F22FEFD20FF0}.Release|Any CPU.Build.0 = Release|Any CPU
		{3C1EDE97-B2C2-4E78-ABC7-75B3707F31BF}.Debug|Any CPU.ActiveCfg = Debug|Any CPU
		{3C1EDE97-B2C2-4E78-ABC7-75B3707F31BF}.Debug|Any CPU.Build.0 = Debug|Any CPU
		{3C1EDE97-B2C2-4E78-ABC7-75B3707F31BF}.Release|Any CPU.ActiveCfg = Release|Any CPU
		{3C1EDE97-B2C2-4E78-ABC7-75B3707F31BF}.Release|Any CPU.Build.0 = Release|Any CPU
	EndGlobalSection
	GlobalSection(SolutionProperties) = preSolution
		HideSolutionNode = FALSE
	EndGlobalSection
	GlobalSection(ExtensibilityGlobals) = postSolution
		SolutionGuid = {48E939CC-5B04-4571-92F9-BDE1DAB3CF02}
	EndGlobalSection
EndGlobal
