
Microsoft Visual Studio Solution File, Format Version 12.00
# Visual Studio Version 16
VisualStudioVersion = 16.0.29728.190
MinimumVisualStudioVersion = 10.0.40219.1
Project("{FAE04EC0-301F-11D3-BF4B-00C04F79EFBC}") = "L6_Task_1", "L6_Task_1\L6_Task_1.csproj", "{A616FC43-6676-4786-B239-5C93EFCFD53A}"
EndProject
Global
	GlobalSection(SolutionConfigurationPlatforms) = preSolution
		Debug|Any CPU = Debug|Any CPU
		Release|Any CPU = Release|Any CPU
	EndGlobalSection
	GlobalSection(ProjectConfigurationPlatforms) = postSolution
		{A616FC43-6676-4786-B239-5C93EFCFD53A}.Debug|Any CPU.ActiveCfg = Debug|Any CPU
		{A616FC43-6676-4786-B239-5C93EFCFD53A}.Debug|Any CPU.Build.0 = Debug|Any CPU
		{A616FC43-6676-4786-B239-5C93EFCFD53A}.Release|Any CPU.ActiveCfg = Release|Any CPU
		{A616FC43-6676-4786-B239-5C93EFCFD53A}.Release|Any CPU.Build.0 = Release|Any CPU
	EndGlobalSection
	GlobalSection(SolutionProperties) = preSolution
		HideSolutionNode = FALSE
	EndGlobalSection
	GlobalSection(ExtensibilityGlobals) = postSolution
		SolutionGuid = {92BAA172-A4FA-4480-A215-31606530E862}
	EndGlobalSection
EndGlobal
