
Microsoft Visual Studio Solution File, Format Version 12.00
# Visual Studio Version 16
VisualStudioVersion = 16.0.29411.108
MinimumVisualStudioVersion = 10.0.40219.1
Project("{9A19103F-16F7-4668-BE54-9A1E7A4F7556}") = "L4_Task_1", "L4_Task_1\L4_Task_1.csproj", "{F5865A9A-A16A-4009-B2FE-B30316B07711}"
EndProject
Project("{9A19103F-16F7-4668-BE54-9A1E7A4F7556}") = "L4_Task_2", "L4_Task_2\L4_Task_2.csproj", "{3152DE9F-6970-4F80-B9D3-29143E0DCAC8}"
EndProject
Project("{9A19103F-16F7-4668-BE54-9A1E7A4F7556}") = "L4_Task_3", "L4_Task_3\L4_Task_3.csproj", "{73C1C3AB-0F6F-423C-80D3-02DCDDA1167D}"
EndProject
Project("{9A19103F-16F7-4668-BE54-9A1E7A4F7556}") = "L4_Task_4", "L4_Task_4\L4_Task_4.csproj", "{6929129F-3980-44A6-953F-4659E62C641F}"
EndProject
Project("{FAE04EC0-301F-11D3-BF4B-00C04F79EFBC}") = "L4_Task_5", "L4_Task_5\L4_Task_5.csproj", "{A32674C4-48ED-40FB-BC0E-FAA9B4C32374}"
EndProject
Global
	GlobalSection(SolutionConfigurationPlatforms) = preSolution
		Debug|Any CPU = Debug|Any CPU
		Release|Any CPU = Release|Any CPU
	EndGlobalSection
	GlobalSection(ProjectConfigurationPlatforms) = postSolution
		{F5865A9A-A16A-4009-B2FE-B30316B07711}.Debug|Any CPU.ActiveCfg = Debug|Any CPU
		{F5865A9A-A16A-4009-B2FE-B30316B07711}.Debug|Any CPU.Build.0 = Debug|Any CPU
		{F5865A9A-A16A-4009-B2FE-B30316B07711}.Release|Any CPU.ActiveCfg = Release|Any CPU
		{F5865A9A-A16A-4009-B2FE-B30316B07711}.Release|Any CPU.Build.0 = Release|Any CPU
		{3152DE9F-6970-4F80-B9D3-29143E0DCAC8}.Debug|Any CPU.ActiveCfg = Debug|Any CPU
		{3152DE9F-6970-4F80-B9D3-29143E0DCAC8}.Debug|Any CPU.Build.0 = Debug|Any CPU
		{3152DE9F-6970-4F80-B9D3-29143E0DCAC8}.Release|Any CPU.ActiveCfg = Release|Any CPU
		{3152DE9F-6970-4F80-B9D3-29143E0DCAC8}.Release|Any CPU.Build.0 = Release|Any CPU
		{73C1C3AB-0F6F-423C-80D3-02DCDDA1167D}.Debug|Any CPU.ActiveCfg = Debug|Any CPU
		{73C1C3AB-0F6F-423C-80D3-02DCDDA1167D}.Debug|Any CPU.Build.0 = Debug|Any CPU
		{73C1C3AB-0F6F-423C-80D3-02DCDDA1167D}.Release|Any CPU.ActiveCfg = Release|Any CPU
		{73C1C3AB-0F6F-423C-80D3-02DCDDA1167D}.Release|Any CPU.Build.0 = Release|Any CPU
		{6929129F-3980-44A6-953F-4659E62C641F}.Debug|Any CPU.ActiveCfg = Debug|Any CPU
		{6929129F-3980-44A6-953F-4659E62C641F}.Debug|Any CPU.Build.0 = Debug|Any CPU
		{6929129F-3980-44A6-953F-4659E62C641F}.Release|Any CPU.ActiveCfg = Release|Any CPU
		{6929129F-3980-44A6-953F-4659E62C641F}.Release|Any CPU.Build.0 = Release|Any CPU
		{A32674C4-48ED-40FB-BC0E-FAA9B4C32374}.Debug|Any CPU.ActiveCfg = Debug|Any CPU
		{A32674C4-48ED-40FB-BC0E-FAA9B4C32374}.Debug|Any CPU.Build.0 = Debug|Any CPU
		{A32674C4-48ED-40FB-BC0E-FAA9B4C32374}.Release|Any CPU.ActiveCfg = Release|Any CPU
		{A32674C4-48ED-40FB-BC0E-FAA9B4C32374}.Release|Any CPU.Build.0 = Release|Any CPU
	EndGlobalSection
	GlobalSection(SolutionProperties) = preSolution
		HideSolutionNode = FALSE
	EndGlobalSection
	GlobalSection(ExtensibilityGlobals) = postSolution
		SolutionGuid = {F7D87548-010A-41B6-AB23-019EEDD92B7B}
	EndGlobalSection
EndGlobal
